
Microsoft Visual Studio Solution File, Format Version 12.00
# Visual Studio 15
VisualStudioVersion = 15.0.28307.1340
MinimumVisualStudioVersion = 10.0.40219.1
Project("{FAE04EC0-301F-11D3-BF4B-00C04F79EFBC}") = "Lab 6-1", "Lab 6-1\Lab 6-1.csproj", "{6DAB890E-9FE8-4E61-8113-6D24E0DA518C}"
EndProject
Global
	GlobalSection(SolutionConfigurationPlatforms) = preSolution
		Debug|Any CPU = Debug|Any CPU
		Release|Any CPU = Release|Any CPU
	EndGlobalSection
	GlobalSection(ProjectConfigurationPlatforms) = postSolution
		{6DAB890E-9FE8-4E61-8113-6D24E0DA518C}.Debug|Any CPU.ActiveCfg = Debug|Any CPU
		{6DAB890E-9FE8-4E61-8113-6D24E0DA518C}.Debug|Any CPU.Build.0 = Debug|Any CPU
		{6DAB890E-9FE8-4E61-8113-6D24E0DA518C}.Release|Any CPU.ActiveCfg = Release|Any CPU
		{6DAB890E-9FE8-4E61-8113-6D24E0DA518C}.Release|Any CPU.Build.0 = Release|Any CPU
	EndGlobalSection
	GlobalSection(SolutionProperties) = preSolution
		HideSolutionNode = FALSE
	EndGlobalSection
	GlobalSection(ExtensibilityGlobals) = postSolution
		SolutionGuid = {319B8759-4CAC-4A4A-B3FF-9B6BC1A8264F}
	EndGlobalSection
EndGlobal
